<Solution>
  <Folder Name="/src/">
    <Project Path="src/Catalog.Api/Catalog.Api.csproj" />
    <Project Path="src/Notification.Api/Notification.Api.csproj" />
    <Project Path="src/Order.Api/Order.Api.csproj" />
    <Project Path="src/Payment.Api/Payment.Api.csproj" />
    <Project Path="src/Shared.Contracts/Shared.Contracts.csproj" />
    <Project Path="src/Shared.Messaging/Shared.Messaging.csproj" />
  </Folder>
</Solution>
